
Microsoft Visual Studio Solution File, Format Version 12.00
# Visual Studio Version 17
VisualStudioVersion = 17.14.36518.9
MinimumVisualStudioVersion = 10.0.40219.1
Project("{FAE04EC0-301F-11D3-BF4B-00C04F79EFBC}") = "ScratchNet", "demo\ScratchNet\ScratchNet.csproj", "{79F40D09-D4EE-469F-883D-0D471E22AE20}"
EndProject
Project("{FAE04EC0-301F-11D3-BF4B-00C04F79EFBC}") = "ScriptEngine", "src\ScriptEngine\ScriptEngine.csproj", "{9EFE2134-8015-4957-A9E1-F7D2FBB4CDA7}"
EndProject
Project("{FAE04EC0-301F-11D3-BF4B-00C04F79EFBC}") = "ScratchControl", "src\ScratchControl\ScratchControl.csproj", "{E1C33987-94F5-472F-B191-8CBEDDEE5D99}"
EndProject
Project("{FAE04EC0-301F-11D3-BF4B-00C04F79EFBC}") = "ScriptEditor", "src\ScratchEditor\ScriptEditor.csproj", "{801CFD14-89D2-4B1E-9332-B22EC959BABA}"
EndProject
Project("{2150E333-8FDC-42A3-9474-1A3956D46DE8}") = "src", "src", "{574786AA-DCD3-435B-8411-3C0850428F93}"
EndProject
Project("{2150E333-8FDC-42A3-9474-1A3956D46DE8}") = "demo", "demo", "{98B9AB53-DABC-4E87-B63B-BFFB0B7BAB81}"
EndProject
Project("{2150E333-8FDC-42A3-9474-1A3956D46DE8}") = "improve", "improve", "{CE3FE9EE-1EC5-4CAB-990F-27F21F2586FD}"
EndProject
Project("{2150E333-8FDC-42A3-9474-1A3956D46DE8}") = "test", "test", "{86E202C1-9FAE-4FB1-8259-03A9D423A717}"
EndProject
Project("{FAE04EC0-301F-11D3-BF4B-00C04F79EFBC}") = "UnitTestProject", "test\UnitTestProject\UnitTestProject.csproj", "{584AAAFE-1EAE-4F99-9E9B-C375098B7A9E}"
EndProject
Project("{FAE04EC0-301F-11D3-BF4B-00C04F79EFBC}") = "VisualCodeEditor2", "demo\VisualCodeEditor2\VisualCodeEditor2.csproj", "{A2D6D3D3-338A-4E2E-9AD1-118A131BC38A}"
EndProject
Project("{2150E333-8FDC-42A3-9474-1A3956D46DE8}") = "Blocks", "Blocks", "{02EA681E-C7D8-13C7-8484-4AC65E1B71E8}"
EndProject
Project("{FAE04EC0-301F-11D3-BF4B-00C04F79EFBC}") = "CanvasBlock", "src\Blocks\CanvasBlock\CanvasBlock.csproj", "{80E3DACA-3EF3-4C7D-81E7-25444B7B4883}"
EndProject
Project("{FAE04EC0-301F-11D3-BF4B-00C04F79EFBC}") = "ConsoleBlock", "src\Blocks\ConsoleBlock\ConsoleBlock.csproj", "{720F1122-C037-4F3C-BC74-AFCA7E527AAE}"
EndProject
Project("{FAE04EC0-301F-11D3-BF4B-00C04F79EFBC}") = "DataBlock", "src\Blocks\DataBlock\DataBlock.csproj", "{3E0B8484-226F-4AD0-8023-7D8A0FEC8C9D}"
EndProject
Project("{FAE04EC0-301F-11D3-BF4B-00C04F79EFBC}") = "MathBlock", "src\Blocks\MathBlock\MathBlock.csproj", "{3256095C-A9EC-4151-BA37-6F004B7AEC87}"
EndProject
Project("{FAE04EC0-301F-11D3-BF4B-00C04F79EFBC}") = "SpeechBlock", "src\Blocks\SpeechBlock\SpeechBlock.csproj", "{B5C39412-3475-4E9D-B8B8-F919CFBEFB01}"
EndProject
Project("{FAE04EC0-301F-11D3-BF4B-00C04F79EFBC}") = "ThreadBlock", "src\Blocks\ThreadBlock\ThreadBlock.csproj", "{58C8EB6B-6F1B-4F32-9CBD-540BE9E46FF9}"
EndProject
Project("{FAE04EC0-301F-11D3-BF4B-00C04F79EFBC}") = "FlowBlock", "src\Blocks\FlowBlock\FlowBlock.csproj", "{E842047C-99A3-4159-8306-C08983503626}"
EndProject
Project("{FAE04EC0-301F-11D3-BF4B-00C04F79EFBC}") = "ForBuildingBlock", "src\Blocks\ForBuildingBlock\ForBuildingBlock.csproj", "{6B6E5865-9F2A-4725-996C-7D288DA179D7}"
EndProject
Project("{FAE04EC0-301F-11D3-BF4B-00C04F79EFBC}") = "BaseBlock", "src\BaseBlock\BaseBlock.csproj", "{CC50DFF6-DC3C-41FD-A854-E8D12819002F}"
EndProject
Global
	GlobalSection(SolutionConfigurationPlatforms) = preSolution
		Debug|Any CPU = Debug|Any CPU
		Debug|ARM = Debug|ARM
		Debug|ARM64 = Debug|ARM64
		Debug|x64 = Debug|x64
		Debug|x86 = Debug|x86
		Release|Any CPU = Release|Any CPU
		Release|ARM = Release|ARM
		Release|ARM64 = Release|ARM64
		Release|x64 = Release|x64
		Release|x86 = Release|x86
	EndGlobalSection
	GlobalSection(ProjectConfigurationPlatforms) = postSolution
		{79F40D09-D4EE-469F-883D-0D471E22AE20}.Debug|Any CPU.ActiveCfg = Debug|Any CPU
		{79F40D09-D4EE-469F-883D-0D471E22AE20}.Debug|Any CPU.Build.0 = Debug|Any CPU
		{79F40D09-D4EE-469F-883D-0D471E22AE20}.Debug|ARM.ActiveCfg = Debug|Any CPU
		{79F40D09-D4EE-469F-883D-0D471E22AE20}.Debug|ARM64.ActiveCfg = Debug|Any CPU
		{79F40D09-D4EE-469F-883D-0D471E22AE20}.Debug|x64.ActiveCfg = Debug|Any CPU
		{79F40D09-D4EE-469F-883D-0D471E22AE20}.Debug|x86.ActiveCfg = Debug|Any CPU
		{79F40D09-D4EE-469F-883D-0D471E22AE20}.Release|Any CPU.ActiveCfg = Release|Any CPU
		{79F40D09-D4EE-469F-883D-0D471E22AE20}.Release|Any CPU.Build.0 = Release|Any CPU
		{79F40D09-D4EE-469F-883D-0D471E22AE20}.Release|ARM.ActiveCfg = Release|Any CPU
		{79F40D09-D4EE-469F-883D-0D471E22AE20}.Release|ARM64.ActiveCfg = Release|Any CPU
		{79F40D09-D4EE-469F-883D-0D471E22AE20}.Release|x64.ActiveCfg = Release|Any CPU
		{79F40D09-D4EE-469F-883D-0D471E22AE20}.Release|x86.ActiveCfg = Release|Any CPU
		{9EFE2134-8015-4957-A9E1-F7D2FBB4CDA7}.Debug|Any CPU.ActiveCfg = Debug|Any CPU
		{9EFE2134-8015-4957-A9E1-F7D2FBB4CDA7}.Debug|Any CPU.Build.0 = Debug|Any CPU
		{9EFE2134-8015-4957-A9E1-F7D2FBB4CDA7}.Debug|ARM.ActiveCfg = Debug|Any CPU
		{9EFE2134-8015-4957-A9E1-F7D2FBB4CDA7}.Debug|ARM.Build.0 = Debug|Any CPU
		{9EFE2134-8015-4957-A9E1-F7D2FBB4CDA7}.Debug|ARM64.ActiveCfg = Debug|Any CPU
		{9EFE2134-8015-4957-A9E1-F7D2FBB4CDA7}.Debug|ARM64.Build.0 = Debug|Any CPU
		{9EFE2134-8015-4957-A9E1-F7D2FBB4CDA7}.Debug|x64.ActiveCfg = Debug|Any CPU
		{9EFE2134-8015-4957-A9E1-F7D2FBB4CDA7}.Debug|x64.Build.0 = Debug|Any CPU
		{9EFE2134-8015-4957-A9E1-F7D2FBB4CDA7}.Debug|x86.ActiveCfg = Debug|Any CPU
		{9EFE2134-8015-4957-A9E1-F7D2FBB4CDA7}.Debug|x86.Build.0 = Debug|Any CPU
		{9EFE2134-8015-4957-A9E1-F7D2FBB4CDA7}.Release|Any CPU.ActiveCfg = Release|Any CPU
		{9EFE2134-8015-4957-A9E1-F7D2FBB4CDA7}.Release|Any CPU.Build.0 = Release|Any CPU
		{9EFE2134-8015-4957-A9E1-F7D2FBB4CDA7}.Release|ARM.ActiveCfg = Release|Any CPU
		{9EFE2134-8015-4957-A9E1-F7D2FBB4CDA7}.Release|ARM.Build.0 = Release|Any CPU
		{9EFE2134-8015-4957-A9E1-F7D2FBB4CDA7}.Release|ARM64.ActiveCfg = Release|Any CPU
		{9EFE2134-8015-4957-A9E1-F7D2FBB4CDA7}.Release|ARM64.Build.0 = Release|Any CPU
		{9EFE2134-8015-4957-A9E1-F7D2FBB4CDA7}.Release|x64.ActiveCfg = Release|Any CPU
		{9EFE2134-8015-4957-A9E1-F7D2FBB4CDA7}.Release|x64.Build.0 = Release|Any CPU
		{9EFE2134-8015-4957-A9E1-F7D2FBB4CDA7}.Release|x86.ActiveCfg = Release|Any CPU
		{9EFE2134-8015-4957-A9E1-F7D2FBB4CDA7}.Release|x86.Build.0 = Release|Any CPU
		{E1C33987-94F5-472F-B191-8CBEDDEE5D99}.Debug|Any CPU.ActiveCfg = Debug|Any CPU
		{E1C33987-94F5-472F-B191-8CBEDDEE5D99}.Debug|Any CPU.Build.0 = Debug|Any CPU
		{E1C33987-94F5-472F-B191-8CBEDDEE5D99}.Debug|ARM.ActiveCfg = Debug|Any CPU
		{E1C33987-94F5-472F-B191-8CBEDDEE5D99}.Debug|ARM.Build.0 = Debug|Any CPU
		{E1C33987-94F5-472F-B191-8CBEDDEE5D99}.Debug|ARM64.ActiveCfg = Debug|Any CPU
		{E1C33987-94F5-472F-B191-8CBEDDEE5D99}.Debug|ARM64.Build.0 = Debug|Any CPU
		{E1C33987-94F5-472F-B191-8CBEDDEE5D99}.Debug|x64.ActiveCfg = Debug|Any CPU
		{E1C33987-94F5-472F-B191-8CBEDDEE5D99}.Debug|x64.Build.0 = Debug|Any CPU
		{E1C33987-94F5-472F-B191-8CBEDDEE5D99}.Debug|x86.ActiveCfg = Debug|Any CPU
		{E1C33987-94F5-472F-B191-8CBEDDEE5D99}.Debug|x86.Build.0 = Debug|Any CPU
		{E1C33987-94F5-472F-B191-8CBEDDEE5D99}.Release|Any CPU.ActiveCfg = Release|Any CPU
		{E1C33987-94F5-472F-B191-8CBEDDEE5D99}.Release|Any CPU.Build.0 = Release|Any CPU
		{E1C33987-94F5-472F-B191-8CBEDDEE5D99}.Release|ARM.ActiveCfg = Release|Any CPU
		{E1C33987-94F5-472F-B191-8CBEDDEE5D99}.Release|ARM.Build.0 = Release|Any CPU
		{E1C33987-94F5-472F-B191-8CBEDDEE5D99}.Release|ARM64.ActiveCfg = Release|Any CPU
		{E1C33987-94F5-472F-B191-8CBEDDEE5D99}.Release|ARM64.Build.0 = Release|Any CPU
		{E1C33987-94F5-472F-B191-8CBEDDEE5D99}.Release|x64.ActiveCfg = Release|Any CPU
		{E1C33987-94F5-472F-B191-8CBEDDEE5D99}.Release|x64.Build.0 = Release|Any CPU
		{E1C33987-94F5-472F-B191-8CBEDDEE5D99}.Release|x86.ActiveCfg = Release|Any CPU
		{E1C33987-94F5-472F-B191-8CBEDDEE5D99}.Release|x86.Build.0 = Release|Any CPU
		{801CFD14-89D2-4B1E-9332-B22EC959BABA}.Debug|Any CPU.ActiveCfg = Debug|Any CPU
		{801CFD14-89D2-4B1E-9332-B22EC959BABA}.Debug|Any CPU.Build.0 = Debug|Any CPU
		{801CFD14-89D2-4B1E-9332-B22EC959BABA}.Debug|ARM.ActiveCfg = Debug|Any CPU
		{801CFD14-89D2-4B1E-9332-B22EC959BABA}.Debug|ARM.Build.0 = Debug|Any CPU
		{801CFD14-89D2-4B1E-9332-B22EC959BABA}.Debug|ARM64.ActiveCfg = Debug|Any CPU
		{801CFD14-89D2-4B1E-9332-B22EC959BABA}.Debug|ARM64.Build.0 = Debug|Any CPU
		{801CFD14-89D2-4B1E-9332-B22EC959BABA}.Debug|x64.ActiveCfg = Debug|Any CPU
		{801CFD14-89D2-4B1E-9332-B22EC959BABA}.Debug|x64.Build.0 = Debug|Any CPU
		{801CFD14-89D2-4B1E-9332-B22EC959BABA}.Debug|x86.ActiveCfg = Debug|Any CPU
		{801CFD14-89D2-4B1E-9332-B22EC959BABA}.Debug|x86.Build.0 = Debug|Any CPU
		{801CFD14-89D2-4B1E-9332-B22EC959BABA}.Release|Any CPU.ActiveCfg = Release|Any CPU
		{801CFD14-89D2-4B1E-9332-B22EC959BABA}.Release|Any CPU.Build.0 = Release|Any CPU
		{801CFD14-89D2-4B1E-9332-B22EC959BABA}.Release|ARM.ActiveCfg = Release|Any CPU
		{801CFD14-89D2-4B1E-9332-B22EC959BABA}.Release|ARM.Build.0 = Release|Any CPU
		{801CFD14-89D2-4B1E-9332-B22EC959BABA}.Release|ARM64.ActiveCfg = Release|Any CPU
		{801CFD14-89D2-4B1E-9332-B22EC959BABA}.Release|ARM64.Build.0 = Release|Any CPU
		{801CFD14-89D2-4B1E-9332-B22EC959BABA}.Release|x64.ActiveCfg = Release|Any CPU
		{801CFD14-89D2-4B1E-9332-B22EC959BABA}.Release|x64.Build.0 = Release|Any CPU
		{801CFD14-89D2-4B1E-9332-B22EC959BABA}.Release|x86.ActiveCfg = Release|Any CPU
		{801CFD14-89D2-4B1E-9332-B22EC959BABA}.Release|x86.Build.0 = Release|Any CPU
		{584AAAFE-1EAE-4F99-9E9B-C375098B7A9E}.Debug|Any CPU.ActiveCfg = Debug|Any CPU
		{584AAAFE-1EAE-4F99-9E9B-C375098B7A9E}.Debug|Any CPU.Build.0 = Debug|Any CPU
		{584AAAFE-1EAE-4F99-9E9B-C375098B7A9E}.Debug|ARM.ActiveCfg = Debug|Any CPU
		{584AAAFE-1EAE-4F99-9E9B-C375098B7A9E}.Debug|ARM.Build.0 = Debug|Any CPU
		{584AAAFE-1EAE-4F99-9E9B-C375098B7A9E}.Debug|ARM64.ActiveCfg = Debug|Any CPU
		{584AAAFE-1EAE-4F99-9E9B-C375098B7A9E}.Debug|ARM64.Build.0 = Debug|Any CPU
		{584AAAFE-1EAE-4F99-9E9B-C375098B7A9E}.Debug|x64.ActiveCfg = Debug|Any CPU
		{584AAAFE-1EAE-4F99-9E9B-C375098B7A9E}.Debug|x64.Build.0 = Debug|Any CPU
		{584AAAFE-1EAE-4F99-9E9B-C375098B7A9E}.Debug|x86.ActiveCfg = Debug|Any CPU
		{584AAAFE-1EAE-4F99-9E9B-C375098B7A9E}.Debug|x86.Build.0 = Debug|Any CPU
		{584AAAFE-1EAE-4F99-9E9B-C375098B7A9E}.Release|Any CPU.ActiveCfg = Release|Any CPU
		{584AAAFE-1EAE-4F99-9E9B-C375098B7A9E}.Release|Any CPU.Build.0 = Release|Any CPU
		{584AAAFE-1EAE-4F99-9E9B-C375098B7A9E}.Release|ARM.ActiveCfg = Release|Any CPU
		{584AAAFE-1EAE-4F99-9E9B-C375098B7A9E}.Release|ARM.Build.0 = Release|Any CPU
		{584AAAFE-1EAE-4F99-9E9B-C375098B7A9E}.Release|ARM64.ActiveCfg = Release|Any CPU
		{584AAAFE-1EAE-4F99-9E9B-C375098B7A9E}.Release|ARM64.Build.0 = Release|Any CPU
		{584AAAFE-1EAE-4F99-9E9B-C375098B7A9E}.Release|x64.ActiveCfg = Release|Any CPU
		{584AAAFE-1EAE-4F99-9E9B-C375098B7A9E}.Release|x64.Build.0 = Release|Any CPU
		{584AAAFE-1EAE-4F99-9E9B-C375098B7A9E}.Release|x86.ActiveCfg = Release|Any CPU
		{584AAAFE-1EAE-4F99-9E9B-C375098B7A9E}.Release|x86.Build.0 = Release|Any CPU
		{A2D6D3D3-338A-4E2E-9AD1-118A131BC38A}.Debug|Any CPU.ActiveCfg = Debug|Any CPU
		{A2D6D3D3-338A-4E2E-9AD1-118A131BC38A}.Debug|Any CPU.Build.0 = Debug|Any CPU
		{A2D6D3D3-338A-4E2E-9AD1-118A131BC38A}.Debug|ARM.ActiveCfg = Debug|Any CPU
		{A2D6D3D3-338A-4E2E-9AD1-118A131BC38A}.Debug|ARM.Build.0 = Debug|Any CPU
		{A2D6D3D3-338A-4E2E-9AD1-118A131BC38A}.Debug|ARM64.ActiveCfg = Debug|Any CPU
		{A2D6D3D3-338A-4E2E-9AD1-118A131BC38A}.Debug|ARM64.Build.0 = Debug|Any CPU
		{A2D6D3D3-338A-4E2E-9AD1-118A131BC38A}.Debug|x64.ActiveCfg = Debug|Any CPU
		{A2D6D3D3-338A-4E2E-9AD1-118A131BC38A}.Debug|x64.Build.0 = Debug|Any CPU
		{A2D6D3D3-338A-4E2E-9AD1-118A131BC38A}.Debug|x86.ActiveCfg = Debug|Any CPU
		{A2D6D3D3-338A-4E2E-9AD1-118A131BC38A}.Debug|x86.Build.0 = Debug|Any CPU
		{A2D6D3D3-338A-4E2E-9AD1-118A131BC38A}.Release|Any CPU.ActiveCfg = Release|Any CPU
		{A2D6D3D3-338A-4E2E-9AD1-118A131BC38A}.Release|Any CPU.Build.0 = Release|Any CPU
		{A2D6D3D3-338A-4E2E-9AD1-118A131BC38A}.Release|ARM.ActiveCfg = Release|Any CPU
		{A2D6D3D3-338A-4E2E-9AD1-118A131BC38A}.Release|ARM.Build.0 = Release|Any CPU
		{A2D6D3D3-338A-4E2E-9AD1-118A131BC38A}.Release|ARM64.ActiveCfg = Release|Any CPU
		{A2D6D3D3-338A-4E2E-9AD1-118A131BC38A}.Release|ARM64.Build.0 = Release|Any CPU
		{A2D6D3D3-338A-4E2E-9AD1-118A131BC38A}.Release|x64.ActiveCfg = Release|Any CPU
		{A2D6D3D3-338A-4E2E-9AD1-118A131BC38A}.Release|x64.Build.0 = Release|Any CPU
		{A2D6D3D3-338A-4E2E-9AD1-118A131BC38A}.Release|x86.ActiveCfg = Release|Any CPU
		{A2D6D3D3-338A-4E2E-9AD1-118A131BC38A}.Release|x86.Build.0 = Release|Any CPU
		{80E3DACA-3EF3-4C7D-81E7-25444B7B4883}.Debug|Any CPU.ActiveCfg = Debug|Any CPU
		{80E3DACA-3EF3-4C7D-81E7-25444B7B4883}.Debug|Any CPU.Build.0 = Debug|Any CPU
		{80E3DACA-3EF3-4C7D-81E7-25444B7B4883}.Debug|ARM.ActiveCfg = Debug|Any CPU
		{80E3DACA-3EF3-4C7D-81E7-25444B7B4883}.Debug|ARM.Build.0 = Debug|Any CPU
		{80E3DACA-3EF3-4C7D-81E7-25444B7B4883}.Debug|ARM64.ActiveCfg = Debug|Any CPU
		{80E3DACA-3EF3-4C7D-81E7-25444B7B4883}.Debug|ARM64.Build.0 = Debug|Any CPU
		{80E3DACA-3EF3-4C7D-81E7-25444B7B4883}.Debug|x64.ActiveCfg = Debug|Any CPU
		{80E3DACA-3EF3-4C7D-81E7-25444B7B4883}.Debug|x64.Build.0 = Debug|Any CPU
		{80E3DACA-3EF3-4C7D-81E7-25444B7B4883}.Debug|x86.ActiveCfg = Debug|Any CPU
		{80E3DACA-3EF3-4C7D-81E7-25444B7B4883}.Debug|x86.Build.0 = Debug|Any CPU
		{80E3DACA-3EF3-4C7D-81E7-25444B7B4883}.Release|Any CPU.ActiveCfg = Release|Any CPU
		{80E3DACA-3EF3-4C7D-81E7-25444B7B4883}.Release|Any CPU.Build.0 = Release|Any CPU
		{80E3DACA-3EF3-4C7D-81E7-25444B7B4883}.Release|ARM.ActiveCfg = Release|Any CPU
		{80E3DACA-3EF3-4C7D-81E7-25444B7B4883}.Release|ARM.Build.0 = Release|Any CPU
		{80E3DACA-3EF3-4C7D-81E7-25444B7B4883}.Release|ARM64.ActiveCfg = Release|Any CPU
		{80E3DACA-3EF3-4C7D-81E7-25444B7B4883}.Release|ARM64.Build.0 = Release|Any CPU
		{80E3DACA-3EF3-4C7D-81E7-25444B7B4883}.Release|x64.ActiveCfg = Release|Any CPU
		{80E3DACA-3EF3-4C7D-81E7-25444B7B4883}.Release|x64.Build.0 = Release|Any CPU
		{80E3DACA-3EF3-4C7D-81E7-25444B7B4883}.Release|x86.ActiveCfg = Release|Any CPU
		{80E3DACA-3EF3-4C7D-81E7-25444B7B4883}.Release|x86.Build.0 = Release|Any CPU
		{720F1122-C037-4F3C-BC74-AFCA7E527AAE}.Debug|Any CPU.ActiveCfg = Debug|Any CPU
		{720F1122-C037-4F3C-BC74-AFCA7E527AAE}.Debug|Any CPU.Build.0 = Debug|Any CPU
		{720F1122-C037-4F3C-BC74-AFCA7E527AAE}.Debug|ARM.ActiveCfg = Debug|Any CPU
		{720F1122-C037-4F3C-BC74-AFCA7E527AAE}.Debug|ARM.Build.0 = Debug|Any CPU
		{720F1122-C037-4F3C-BC74-AFCA7E527AAE}.Debug|ARM64.ActiveCfg = Debug|Any CPU
		{720F1122-C037-4F3C-BC74-AFCA7E527AAE}.Debug|ARM64.Build.0 = Debug|Any CPU
		{720F1122-C037-4F3C-BC74-AFCA7E527AAE}.Debug|x64.ActiveCfg = Debug|Any CPU
		{720F1122-C037-4F3C-BC74-AFCA7E527AAE}.Debug|x64.Build.0 = Debug|Any CPU
		{720F1122-C037-4F3C-BC74-AFCA7E527AAE}.Debug|x86.ActiveCfg = Debug|Any CPU
		{720F1122-C037-4F3C-BC74-AFCA7E527AAE}.Debug|x86.Build.0 = Debug|Any CPU
		{720F1122-C037-4F3C-BC74-AFCA7E527AAE}.Release|Any CPU.ActiveCfg = Release|Any CPU
		{720F1122-C037-4F3C-BC74-AFCA7E527AAE}.Release|Any CPU.Build.0 = Release|Any CPU
		{720F1122-C037-4F3C-BC74-AFCA7E527AAE}.Release|ARM.ActiveCfg = Release|Any CPU
		{720F1122-C037-4F3C-BC74-AFCA7E527AAE}.Release|ARM.Build.0 = Release|Any CPU
		{720F1122-C037-4F3C-BC74-AFCA7E527AAE}.Release|ARM64.ActiveCfg = Release|Any CPU
		{720F1122-C037-4F3C-BC74-AFCA7E527AAE}.Release|ARM64.Build.0 = Release|Any CPU
		{720F1122-C037-4F3C-BC74-AFCA7E527AAE}.Release|x64.ActiveCfg = Release|Any CPU
		{720F1122-C037-4F3C-BC74-AFCA7E527AAE}.Release|x64.Build.0 = Release|Any CPU
		{720F1122-C037-4F3C-BC74-AFCA7E527AAE}.Release|x86.ActiveCfg = Release|Any CPU
		{720F1122-C037-4F3C-BC74-AFCA7E527AAE}.Release|x86.Build.0 = Release|Any CPU
		{3E0B8484-226F-4AD0-8023-7D8A0FEC8C9D}.Debug|Any CPU.ActiveCfg = Debug|Any CPU
		{3E0B8484-226F-4AD0-8023-7D8A0FEC8C9D}.Debug|Any CPU.Build.0 = Debug|Any CPU
		{3E0B8484-226F-4AD0-8023-7D8A0FEC8C9D}.Debug|ARM.ActiveCfg = Debug|Any CPU
		{3E0B8484-226F-4AD0-8023-7D8A0FEC8C9D}.Debug|ARM.Build.0 = Debug|Any CPU
		{3E0B8484-226F-4AD0-8023-7D8A0FEC8C9D}.Debug|ARM64.ActiveCfg = Debug|Any CPU
		{3E0B8484-226F-4AD0-8023-7D8A0FEC8C9D}.Debug|ARM64.Build.0 = Debug|Any CPU
		{3E0B8484-226F-4AD0-8023-7D8A0FEC8C9D}.Debug|x64.ActiveCfg = Debug|Any CPU
		{3E0B8484-226F-4AD0-8023-7D8A0FEC8C9D}.Debug|x64.Build.0 = Debug|Any CPU
		{3E0B8484-226F-4AD0-8023-7D8A0FEC8C9D}.Debug|x86.ActiveCfg = Debug|Any CPU
		{3E0B8484-226F-4AD0-8023-7D8A0FEC8C9D}.Debug|x86.Build.0 = Debug|Any CPU
		{3E0B8484-226F-4AD0-8023-7D8A0FEC8C9D}.Release|Any CPU.ActiveCfg = Release|Any CPU
		{3E0B8484-226F-4AD0-8023-7D8A0FEC8C9D}.Release|Any CPU.Build.0 = Release|Any CPU
		{3E0B8484-226F-4AD0-8023-7D8A0FEC8C9D}.Release|ARM.ActiveCfg = Release|Any CPU
		{3E0B8484-226F-4AD0-8023-7D8A0FEC8C9D}.Release|ARM.Build.0 = Release|Any CPU
		{3E0B8484-226F-4AD0-8023-7D8A0FEC8C9D}.Release|ARM64.ActiveCfg = Release|Any CPU
		{3E0B8484-226F-4AD0-8023-7D8A0FEC8C9D}.Release|ARM64.Build.0 = Release|Any CPU
		{3E0B8484-226F-4AD0-8023-7D8A0FEC8C9D}.Release|x64.ActiveCfg = Release|Any CPU
		{3E0B8484-226F-4AD0-8023-7D8A0FEC8C9D}.Release|x64.Build.0 = Release|Any CPU
		{3E0B8484-226F-4AD0-8023-7D8A0FEC8C9D}.Release|x86.ActiveCfg = Release|Any CPU
		{3E0B8484-226F-4AD0-8023-7D8A0FEC8C9D}.Release|x86.Build.0 = Release|Any CPU
		{3256095C-A9EC-4151-BA37-6F004B7AEC87}.Debug|Any CPU.ActiveCfg = Debug|Any CPU
		{3256095C-A9EC-4151-BA37-6F004B7AEC87}.Debug|Any CPU.Build.0 = Debug|Any CPU
		{3256095C-A9EC-4151-BA37-6F004B7AEC87}.Debug|ARM.ActiveCfg = Debug|Any CPU
		{3256095C-A9EC-4151-BA37-6F004B7AEC87}.Debug|ARM.Build.0 = Debug|Any CPU
		{3256095C-A9EC-4151-BA37-6F004B7AEC87}.Debug|ARM64.ActiveCfg = Debug|Any CPU
		{3256095C-A9EC-4151-BA37-6F004B7AEC87}.Debug|ARM64.Build.0 = Debug|Any CPU
		{3256095C-A9EC-4151-BA37-6F004B7AEC87}.Debug|x64.ActiveCfg = Debug|Any CPU
		{3256095C-A9EC-4151-BA37-6F004B7AEC87}.Debug|x64.Build.0 = Debug|Any CPU
		{3256095C-A9EC-4151-BA37-6F004B7AEC87}.Debug|x86.ActiveCfg = Debug|Any CPU
		{3256095C-A9EC-4151-BA37-6F004B7AEC87}.Debug|x86.Build.0 = Debug|Any CPU
		{3256095C-A9EC-4151-BA37-6F004B7AEC87}.Release|Any CPU.ActiveCfg = Release|Any CPU
		{3256095C-A9EC-4151-BA37-6F004B7AEC87}.Release|Any CPU.Build.0 = Release|Any CPU
		{3256095C-A9EC-4151-BA37-6F004B7AEC87}.Release|ARM.ActiveCfg = Release|Any CPU
		{3256095C-A9EC-4151-BA37-6F004B7AEC87}.Release|ARM.Build.0 = Release|Any CPU
		{3256095C-A9EC-4151-BA37-6F004B7AEC87}.Release|ARM64.ActiveCfg = Release|Any CPU
		{3256095C-A9EC-4151-BA37-6F004B7AEC87}.Release|ARM64.Build.0 = Release|Any CPU
		{3256095C-A9EC-4151-BA37-6F004B7AEC87}.Release|x64.ActiveCfg = Release|Any CPU
		{3256095C-A9EC-4151-BA37-6F004B7AEC87}.Release|x64.Build.0 = Release|Any CPU
		{3256095C-A9EC-4151-BA37-6F004B7AEC87}.Release|x86.ActiveCfg = Release|Any CPU
		{3256095C-A9EC-4151-BA37-6F004B7AEC87}.Release|x86.Build.0 = Release|Any CPU
		{B5C39412-3475-4E9D-B8B8-F919CFBEFB01}.Debug|Any CPU.ActiveCfg = Debug|Any CPU
		{B5C39412-3475-4E9D-B8B8-F919CFBEFB01}.Debug|Any CPU.Build.0 = Debug|Any CPU
		{B5C39412-3475-4E9D-B8B8-F919CFBEFB01}.Debug|ARM.ActiveCfg = Debug|Any CPU
		{B5C39412-3475-4E9D-B8B8-F919CFBEFB01}.Debug|ARM.Build.0 = Debug|Any CPU
		{B5C39412-3475-4E9D-B8B8-F919CFBEFB01}.Debug|ARM64.ActiveCfg = Debug|Any CPU
		{B5C39412-3475-4E9D-B8B8-F919CFBEFB01}.Debug|ARM64.Build.0 = Debug|Any CPU
		{B5C39412-3475-4E9D-B8B8-F919CFBEFB01}.Debug|x64.ActiveCfg = Debug|Any CPU
		{B5C39412-3475-4E9D-B8B8-F919CFBEFB01}.Debug|x64.Build.0 = Debug|Any CPU
		{B5C39412-3475-4E9D-B8B8-F919CFBEFB01}.Debug|x86.ActiveCfg = Debug|Any CPU
		{B5C39412-3475-4E9D-B8B8-F919CFBEFB01}.Debug|x86.Build.0 = Debug|Any CPU
		{B5C39412-3475-4E9D-B8B8-F919CFBEFB01}.Release|Any CPU.ActiveCfg = Release|Any CPU
		{B5C39412-3475-4E9D-B8B8-F919CFBEFB01}.Release|Any CPU.Build.0 = Release|Any CPU
		{B5C39412-3475-4E9D-B8B8-F919CFBEFB01}.Release|ARM.ActiveCfg = Release|Any CPU
		{B5C39412-3475-4E9D-B8B8-F919CFBEFB01}.Release|ARM.Build.0 = Release|Any CPU
		{B5C39412-3475-4E9D-B8B8-F919CFBEFB01}.Release|ARM64.ActiveCfg = Release|Any CPU
		{B5C39412-3475-4E9D-B8B8-F919CFBEFB01}.Release|ARM64.Build.0 = Release|Any CPU
		{B5C39412-3475-4E9D-B8B8-F919CFBEFB01}.Release|x64.ActiveCfg = Release|Any CPU
		{B5C39412-3475-4E9D-B8B8-F919CFBEFB01}.Release|x64.Build.0 = Release|Any CPU
		{B5C39412-3475-4E9D-B8B8-F919CFBEFB01}.Release|x86.ActiveCfg = Release|Any CPU
		{B5C39412-3475-4E9D-B8B8-F919CFBEFB01}.Release|x86.Build.0 = Release|Any CPU
		{58C8EB6B-6F1B-4F32-9CBD-540BE9E46FF9}.Debug|Any CPU.ActiveCfg = Debug|Any CPU
		{58C8EB6B-6F1B-4F32-9CBD-540BE9E46FF9}.Debug|Any CPU.Build.0 = Debug|Any CPU
		{58C8EB6B-6F1B-4F32-9CBD-540BE9E46FF9}.Debug|ARM.ActiveCfg = Debug|Any CPU
		{58C8EB6B-6F1B-4F32-9CBD-540BE9E46FF9}.Debug|ARM.Build.0 = Debug|Any CPU
		{58C8EB6B-6F1B-4F32-9CBD-540BE9E46FF9}.Debug|ARM64.ActiveCfg = Debug|Any CPU
		{58C8EB6B-6F1B-4F32-9CBD-540BE9E46FF9}.Debug|ARM64.Build.0 = Debug|Any CPU
		{58C8EB6B-6F1B-4F32-9CBD-540BE9E46FF9}.Debug|x64.ActiveCfg = Debug|Any CPU
		{58C8EB6B-6F1B-4F32-9CBD-540BE9E46FF9}.Debug|x64.Build.0 = Debug|Any CPU
		{58C8EB6B-6F1B-4F32-9CBD-540BE9E46FF9}.Debug|x86.ActiveCfg = Debug|Any CPU
		{58C8EB6B-6F1B-4F32-9CBD-540BE9E46FF9}.Debug|x86.Build.0 = Debug|Any CPU
		{58C8EB6B-6F1B-4F32-9CBD-540BE9E46FF9}.Release|Any CPU.ActiveCfg = Release|Any CPU
		{58C8EB6B-6F1B-4F32-9CBD-540BE9E46FF9}.Release|Any CPU.Build.0 = Release|Any CPU
		{58C8EB6B-6F1B-4F32-9CBD-540BE9E46FF9}.Release|ARM.ActiveCfg = Release|Any CPU
		{58C8EB6B-6F1B-4F32-9CBD-540BE9E46FF9}.Release|ARM.Build.0 = Release|Any CPU
		{58C8EB6B-6F1B-4F32-9CBD-540BE9E46FF9}.Release|ARM64.ActiveCfg = Release|Any CPU
		{58C8EB6B-6F1B-4F32-9CBD-540BE9E46FF9}.Release|ARM64.Build.0 = Release|Any CPU
		{58C8EB6B-6F1B-4F32-9CBD-540BE9E46FF9}.Release|x64.ActiveCfg = Release|Any CPU
		{58C8EB6B-6F1B-4F32-9CBD-540BE9E46FF9}.Release|x64.Build.0 = Release|Any CPU
		{58C8EB6B-6F1B-4F32-9CBD-540BE9E46FF9}.Release|x86.ActiveCfg = Release|Any CPU
		{58C8EB6B-6F1B-4F32-9CBD-540BE9E46FF9}.Release|x86.Build.0 = Release|Any CPU
		{E842047C-99A3-4159-8306-C08983503626}.Debug|Any CPU.ActiveCfg = Debug|Any CPU
		{E842047C-99A3-4159-8306-C08983503626}.Debug|Any CPU.Build.0 = Debug|Any CPU
		{E842047C-99A3-4159-8306-C08983503626}.Debug|ARM.ActiveCfg = Debug|Any CPU
		{E842047C-99A3-4159-8306-C08983503626}.Debug|ARM.Build.0 = Debug|Any CPU
		{E842047C-99A3-4159-8306-C08983503626}.Debug|ARM64.ActiveCfg = Debug|Any CPU
		{E842047C-99A3-4159-8306-C08983503626}.Debug|ARM64.Build.0 = Debug|Any CPU
		{E842047C-99A3-4159-8306-C08983503626}.Debug|x64.ActiveCfg = Debug|Any CPU
		{E842047C-99A3-4159-8306-C08983503626}.Debug|x64.Build.0 = Debug|Any CPU
		{E842047C-99A3-4159-8306-C08983503626}.Debug|x86.ActiveCfg = Debug|Any CPU
		{E842047C-99A3-4159-8306-C08983503626}.Debug|x86.Build.0 = Debug|Any CPU
		{E842047C-99A3-4159-8306-C08983503626}.Release|Any CPU.ActiveCfg = Release|Any CPU
		{E842047C-99A3-4159-8306-C08983503626}.Release|Any CPU.Build.0 = Release|Any CPU
		{E842047C-99A3-4159-8306-C08983503626}.Release|ARM.ActiveCfg = Release|Any CPU
		{E842047C-99A3-4159-8306-C08983503626}.Release|ARM.Build.0 = Release|Any CPU
		{E842047C-99A3-4159-8306-C08983503626}.Release|ARM64.ActiveCfg = Release|Any CPU
		{E842047C-99A3-4159-8306-C08983503626}.Release|ARM64.Build.0 = Release|Any CPU
		{E842047C-99A3-4159-8306-C08983503626}.Release|x64.ActiveCfg = Release|Any CPU
		{E842047C-99A3-4159-8306-C08983503626}.Release|x64.Build.0 = Release|Any CPU
		{E842047C-99A3-4159-8306-C08983503626}.Release|x86.ActiveCfg = Release|Any CPU
		{E842047C-99A3-4159-8306-C08983503626}.Release|x86.Build.0 = Release|Any CPU
		{6B6E5865-9F2A-4725-996C-7D288DA179D7}.Debug|Any CPU.ActiveCfg = Debug|Any CPU
		{6B6E5865-9F2A-4725-996C-7D288DA179D7}.Debug|Any CPU.Build.0 = Debug|Any CPU
		{6B6E5865-9F2A-4725-996C-7D288DA179D7}.Debug|ARM.ActiveCfg = Debug|Any CPU
		{6B6E5865-9F2A-4725-996C-7D288DA179D7}.Debug|ARM.Build.0 = Debug|Any CPU
		{6B6E5865-9F2A-4725-996C-7D288DA179D7}.Debug|ARM64.ActiveCfg = Debug|Any CPU
		{6B6E5865-9F2A-4725-996C-7D288DA179D7}.Debug|ARM64.Build.0 = Debug|Any CPU
		{6B6E5865-9F2A-4725-996C-7D288DA179D7}.Debug|x64.ActiveCfg = Debug|Any CPU
		{6B6E5865-9F2A-4725-996C-7D288DA179D7}.Debug|x64.Build.0 = Debug|Any CPU
		{6B6E5865-9F2A-4725-996C-7D288DA179D7}.Debug|x86.ActiveCfg = Debug|Any CPU
		{6B6E5865-9F2A-4725-996C-7D288DA179D7}.Debug|x86.Build.0 = Debug|Any CPU
		{6B6E5865-9F2A-4725-996C-7D288DA179D7}.Release|Any CPU.ActiveCfg = Release|Any CPU
		{6B6E5865-9F2A-4725-996C-7D288DA179D7}.Release|Any CPU.Build.0 = Release|Any CPU
		{6B6E5865-9F2A-4725-996C-7D288DA179D7}.Release|ARM.ActiveCfg = Release|Any CPU
		{6B6E5865-9F2A-4725-996C-7D288DA179D7}.Release|ARM.Build.0 = Release|Any CPU
		{6B6E5865-9F2A-4725-996C-7D288DA179D7}.Release|ARM64.ActiveCfg = Release|Any CPU
		{6B6E5865-9F2A-4725-996C-7D288DA179D7}.Release|ARM64.Build.0 = Release|Any CPU
		{6B6E5865-9F2A-4725-996C-7D288DA179D7}.Release|x64.ActiveCfg = Release|Any CPU
		{6B6E5865-9F2A-4725-996C-7D288DA179D7}.Release|x64.Build.0 = Release|Any CPU
		{6B6E5865-9F2A-4725-996C-7D288DA179D7}.Release|x86.ActiveCfg = Release|Any CPU
		{6B6E5865-9F2A-4725-996C-7D288DA179D7}.Release|x86.Build.0 = Release|Any CPU
		{CC50DFF6-DC3C-41FD-A854-E8D12819002F}.Debug|Any CPU.ActiveCfg = Debug|Any CPU
		{CC50DFF6-DC3C-41FD-A854-E8D12819002F}.Debug|Any CPU.Build.0 = Debug|Any CPU
		{CC50DFF6-DC3C-41FD-A854-E8D12819002F}.Debug|ARM.ActiveCfg = Debug|Any CPU
		{CC50DFF6-DC3C-41FD-A854-E8D12819002F}.Debug|ARM.Build.0 = Debug|Any CPU
		{CC50DFF6-DC3C-41FD-A854-E8D12819002F}.Debug|ARM64.ActiveCfg = Debug|Any CPU
		{CC50DFF6-DC3C-41FD-A854-E8D12819002F}.Debug|ARM64.Build.0 = Debug|Any CPU
		{CC50DFF6-DC3C-41FD-A854-E8D12819002F}.Debug|x64.ActiveCfg = Debug|Any CPU
		{CC50DFF6-DC3C-41FD-A854-E8D12819002F}.Debug|x64.Build.0 = Debug|Any CPU
		{CC50DFF6-DC3C-41FD-A854-E8D12819002F}.Debug|x86.ActiveCfg = Debug|Any CPU
		{CC50DFF6-DC3C-41FD-A854-E8D12819002F}.Debug|x86.Build.0 = Debug|Any CPU
		{CC50DFF6-DC3C-41FD-A854-E8D12819002F}.Release|Any CPU.ActiveCfg = Release|Any CPU
		{CC50DFF6-DC3C-41FD-A854-E8D12819002F}.Release|Any CPU.Build.0 = Release|Any CPU
		{CC50DFF6-DC3C-41FD-A854-E8D12819002F}.Release|ARM.ActiveCfg = Release|Any CPU
		{CC50DFF6-DC3C-41FD-A854-E8D12819002F}.Release|ARM.Build.0 = Release|Any CPU
		{CC50DFF6-DC3C-41FD-A854-E8D12819002F}.Release|ARM64.ActiveCfg = Release|Any CPU
		{CC50DFF6-DC3C-41FD-A854-E8D12819002F}.Release|ARM64.Build.0 = Release|Any CPU
		{CC50DFF6-DC3C-41FD-A854-E8D12819002F}.Release|x64.ActiveCfg = Release|Any CPU
		{CC50DFF6-DC3C-41FD-A854-E8D12819002F}.Release|x64.Build.0 = Release|Any CPU
		{CC50DFF6-DC3C-41FD-A854-E8D12819002F}.Release|x86.ActiveCfg = Release|Any CPU
		{CC50DFF6-DC3C-41FD-A854-E8D12819002F}.Release|x86.Build.0 = Release|Any CPU
	EndGlobalSection
	GlobalSection(SolutionProperties) = preSolution
		HideSolutionNode = FALSE
	EndGlobalSection
	GlobalSection(NestedProjects) = preSolution
		{79F40D09-D4EE-469F-883D-0D471E22AE20} = {98B9AB53-DABC-4E87-B63B-BFFB0B7BAB81}
		{9EFE2134-8015-4957-A9E1-F7D2FBB4CDA7} = {574786AA-DCD3-435B-8411-3C0850428F93}
		{E1C33987-94F5-472F-B191-8CBEDDEE5D99} = {CE3FE9EE-1EC5-4CAB-990F-27F21F2586FD}
		{801CFD14-89D2-4B1E-9332-B22EC959BABA} = {574786AA-DCD3-435B-8411-3C0850428F93}
		{584AAAFE-1EAE-4F99-9E9B-C375098B7A9E} = {86E202C1-9FAE-4FB1-8259-03A9D423A717}
		{A2D6D3D3-338A-4E2E-9AD1-118A131BC38A} = {98B9AB53-DABC-4E87-B63B-BFFB0B7BAB81}
		{02EA681E-C7D8-13C7-8484-4AC65E1B71E8} = {574786AA-DCD3-435B-8411-3C0850428F93}
		{80E3DACA-3EF3-4C7D-81E7-25444B7B4883} = {02EA681E-C7D8-13C7-8484-4AC65E1B71E8}
		{720F1122-C037-4F3C-BC74-AFCA7E527AAE} = {02EA681E-C7D8-13C7-8484-4AC65E1B71E8}
		{3E0B8484-226F-4AD0-8023-7D8A0FEC8C9D} = {02EA681E-C7D8-13C7-8484-4AC65E1B71E8}
		{3256095C-A9EC-4151-BA37-6F004B7AEC87} = {02EA681E-C7D8-13C7-8484-4AC65E1B71E8}
		{B5C39412-3475-4E9D-B8B8-F919CFBEFB01} = {02EA681E-C7D8-13C7-8484-4AC65E1B71E8}
		{58C8EB6B-6F1B-4F32-9CBD-540BE9E46FF9} = {02EA681E-C7D8-13C7-8484-4AC65E1B71E8}
		{E842047C-99A3-4159-8306-C08983503626} = {02EA681E-C7D8-13C7-8484-4AC65E1B71E8}
		{6B6E5865-9F2A-4725-996C-7D288DA179D7} = {02EA681E-C7D8-13C7-8484-4AC65E1B71E8}
		{CC50DFF6-DC3C-41FD-A854-E8D12819002F} = {574786AA-DCD3-435B-8411-3C0850428F93}
	EndGlobalSection
	GlobalSection(ExtensibilityGlobals) = postSolution
		SolutionGuid = {0BD434C9-8675-4D9D-B905-6C481145EB9A}
	EndGlobalSection
EndGlobal
